
Microsoft Visual Studio Solution File, Format Version 12.00
# Visual Studio Version 16
VisualStudioVersion = 16.0.31129.286
MinimumVisualStudioVersion = 10.0.40219.1
Project("{FAE04EC0-301F-11D3-BF4B-00C04F79EFBC}") = "WebSampleTool", "WebSampleTool\WebSampleTool.csproj", "{BCBF60DD-BB2F-46F7-9932-429F545E720C}"
EndProject
Project("{FAE04EC0-301F-11D3-BF4B-00C04F79EFBC}") = "WebSampleTool3", "WebSampleTool3\WebSampleTool3.csproj", "{CE207438-B735-460D-8DC4-CE46600904D6}"
EndProject
Global
	GlobalSection(SolutionConfigurationPlatforms) = preSolution
		Debug|Any CPU = Debug|Any CPU
		Release|Any CPU = Release|Any CPU
	EndGlobalSection
	GlobalSection(ProjectConfigurationPlatforms) = postSolution
		{BCBF60DD-BB2F-46F7-9932-429F545E720C}.Debug|Any CPU.ActiveCfg = Debug|Any CPU
		{BCBF60DD-BB2F-46F7-9932-429F545E720C}.Debug|Any CPU.Build.0 = Debug|Any CPU
		{BCBF60DD-BB2F-46F7-9932-429F545E720C}.Release|Any CPU.ActiveCfg = Release|Any CPU
		{BCBF60DD-BB2F-46F7-9932-429F545E720C}.Release|Any CPU.Build.0 = Release|Any CPU
		{CE207438-B735-460D-8DC4-CE46600904D6}.Debug|Any CPU.ActiveCfg = Debug|Any CPU
		{CE207438-B735-460D-8DC4-CE46600904D6}.Debug|Any CPU.Build.0 = Debug|Any CPU
		{CE207438-B735-460D-8DC4-CE46600904D6}.Release|Any CPU.ActiveCfg = Release|Any CPU
		{CE207438-B735-460D-8DC4-CE46600904D6}.Release|Any CPU.Build.0 = Release|Any CPU
	EndGlobalSection
	GlobalSection(SolutionProperties) = preSolution
		HideSolutionNode = FALSE
	EndGlobalSection
	GlobalSection(ExtensibilityGlobals) = postSolution
		SolutionGuid = {C9EE8D7C-A38B-43C5-B717-FFCB7E0F30F8}
	EndGlobalSection
EndGlobal
